
Microsoft Visual Studio Solution File, Format Version 12.00
# Visual Studio Version 16
VisualStudioVersion = 16.0.34407.143
MinimumVisualStudioVersion = 10.0.40219.1
Project("{FAE04EC0-301F-11D3-BF4B-00C04F79EFBC}") = "GAPFYEND1", "GAPFYEND1.csproj", "{5FDB1E67-1048-4EE6-AA94-AC1402BE6669}"
EndProject
Global
	GlobalSection(SolutionConfigurationPlatforms) = preSolution
		Debug|Any CPU = Debug|Any CPU
		Release|Any CPU = Release|Any CPU
	EndGlobalSection
	GlobalSection(ProjectConfigurationPlatforms) = postSolution
		{5FDB1E67-1048-4EE6-AA94-AC1402BE6669}.Debug|Any CPU.ActiveCfg = Debug|Any CPU
		{5FDB1E67-1048-4EE6-AA94-AC1402BE6669}.Debug|Any CPU.Build.0 = Debug|Any CPU
		{5FDB1E67-1048-4EE6-AA94-AC1402BE6669}.Release|Any CPU.ActiveCfg = Release|Any CPU
		{5FDB1E67-1048-4EE6-AA94-AC1402BE6669}.Release|Any CPU.Build.0 = Release|Any CPU
	EndGlobalSection
	GlobalSection(SolutionProperties) = preSolution
		HideSolutionNode = FALSE
	EndGlobalSection
	GlobalSection(ExtensibilityGlobals) = postSolution
		SolutionGuid = {7E46679B-4799-46FE-A487-56E1312565A1}
	EndGlobalSection
EndGlobal
